
Microsoft Visual Studio Solution File, Format Version 12.00
# Visual Studio 15
VisualStudioVersion = 15.0.28307.438
MinimumVisualStudioVersion = 10.0.40219.1
Project("{9092AA53-FB77-4645-B42D-1CCCA6BD08BD}") = "HelloWorldLab", "HelloWorldLab\HelloWorldLab.njsproj", "{17427895-D5EE-489A-AB4D-F8BEF9084199}"
EndProject
Global
	GlobalSection(SolutionConfigurationPlatforms) = preSolution
		Debug|Any CPU = Debug|Any CPU
		Release|Any CPU = Release|Any CPU
	EndGlobalSection
	GlobalSection(ProjectConfigurationPlatforms) = postSolution
		{17427895-D5EE-489A-AB4D-F8BEF9084199}.Debug|Any CPU.ActiveCfg = Debug|Any CPU
		{17427895-D5EE-489A-AB4D-F8BEF9084199}.Debug|Any CPU.Build.0 = Debug|Any CPU
		{17427895-D5EE-489A-AB4D-F8BEF9084199}.Release|Any CPU.ActiveCfg = Release|Any CPU
		{17427895-D5EE-489A-AB4D-F8BEF9084199}.Release|Any CPU.Build.0 = Release|Any CPU
	EndGlobalSection
	GlobalSection(SolutionProperties) = preSolution
		HideSolutionNode = FALSE
	EndGlobalSection
	GlobalSection(ExtensibilityGlobals) = postSolution
		SolutionGuid = {F158D1C1-33E3-4FB5-A1D7-2F46A38D98CD}
	EndGlobalSection
EndGlobal
